
Microsoft Visual Studio Solution File, Format Version 12.00
# Visual Studio Version 17
VisualStudioVersion = 17.7.34202.233
MinimumVisualStudioVersion = 10.0.40219.1
Project("{FAE04EC0-301F-11D3-BF4B-00C04F79EFBC}") = "APIProject", "APIProject\APIProject.csproj", "{8CCE604F-D16A-48D2-9B9D-4758BE6B3A7E}"
EndProject
Global
	GlobalSection(SolutionConfigurationPlatforms) = preSolution
		Debug|Any CPU = Debug|Any CPU
		Release|Any CPU = Release|Any CPU
	EndGlobalSection
	GlobalSection(ProjectConfigurationPlatforms) = postSolution
		{8CCE604F-D16A-48D2-9B9D-4758BE6B3A7E}.Debug|Any CPU.ActiveCfg = Debug|Any CPU
		{8CCE604F-D16A-48D2-9B9D-4758BE6B3A7E}.Debug|Any CPU.Build.0 = Debug|Any CPU
		{8CCE604F-D16A-48D2-9B9D-4758BE6B3A7E}.Release|Any CPU.ActiveCfg = Release|Any CPU
		{8CCE604F-D16A-48D2-9B9D-4758BE6B3A7E}.Release|Any CPU.Build.0 = Release|Any CPU
	EndGlobalSection
	GlobalSection(SolutionProperties) = preSolution
		HideSolutionNode = FALSE
	EndGlobalSection
	GlobalSection(ExtensibilityGlobals) = postSolution
		SolutionGuid = {A7859543-3DF0-4843-8B0E-775B798C48DB}
	EndGlobalSection
EndGlobal
